
Microsoft Visual Studio Solution File, Format Version 12.00
# Visual Studio 14
VisualStudioVersion = 14.0.23107.0
MinimumVisualStudioVersion = 10.0.40219.1
Project("{FAE04EC0-301F-11D3-BF4B-00C04F79EFBC}") = "Beer.DescriptionWriter.Console", "Beer.DescriptionWriter.Console\Beer.DescriptionWriter.Console.csproj", "{D8CA949C-B58C-40DE-B493-12A3159B241E}"
EndProject
Project("{FAE04EC0-301F-11D3-BF4B-00C04F79EFBC}") = "Beer.Ingredients.Lookup", "Beer.Ingredients.Lookup\Beer.Ingredients.Lookup.csproj", "{07707034-CAE5-416D-B45D-6C5061CEE65E}"
EndProject
Global
	GlobalSection(SolutionConfigurationPlatforms) = preSolution
		Debug|Any CPU = Debug|Any CPU
		Release|Any CPU = Release|Any CPU
	EndGlobalSection
	GlobalSection(ProjectConfigurationPlatforms) = postSolution
		{D8CA949C-B58C-40DE-B493-12A3159B241E}.Debug|Any CPU.ActiveCfg = Debug|Any CPU
		{D8CA949C-B58C-40DE-B493-12A3159B241E}.Debug|Any CPU.Build.0 = Debug|Any CPU
		{D8CA949C-B58C-40DE-B493-12A3159B241E}.Release|Any CPU.ActiveCfg = Release|Any CPU
		{D8CA949C-B58C-40DE-B493-12A3159B241E}.Release|Any CPU.Build.0 = Release|Any CPU
		{07707034-CAE5-416D-B45D-6C5061CEE65E}.Debug|Any CPU.ActiveCfg = Debug|Any CPU
		{07707034-CAE5-416D-B45D-6C5061CEE65E}.Debug|Any CPU.Build.0 = Debug|Any CPU
		{07707034-CAE5-416D-B45D-6C5061CEE65E}.Release|Any CPU.ActiveCfg = Release|Any CPU
		{07707034-CAE5-416D-B45D-6C5061CEE65E}.Release|Any CPU.Build.0 = Release|Any CPU
	EndGlobalSection
	GlobalSection(SolutionProperties) = preSolution
		HideSolutionNode = FALSE
	EndGlobalSection
EndGlobal
